// !$*UTF8*$!
{
	archiveVersion = 1;
	classes = {
	};
	objectVersion = 56;
	objects = {

/* Begin PBXBuildFile section */
		923E198D2CEF1808009E3B6B /* HomeView.swift in Sources */ = {isa = PBXBuildFile; fileRef = 923E198C2CEF1808009E3B6B /* HomeView.swift */; };
		923E19902CEF1826009E3B6B /* LoginView.swift in Sources */ = {isa = PBXBuildFile; fileRef = 923E198F2CEF1826009E3B6B /* LoginView.swift */; };
		923E19932CEF3925009E3B6B /* SwiftfulRouting in Frameworks */ = {isa = PBXBuildFile; productRef = 923E19922CEF3925009E3B6B /* SwiftfulRouting */; };
		923E19962CEF3944009E3B6B /* RootView.swift in Sources */ = {isa = PBXBuildFile; fileRef = 923E19952CEF3944009E3B6B /* RootView.swift */; };
		92C2C0EB2CEDF02200E47DC6 /* RoutinerApp.swift in Sources */ = {isa = PBXBuildFile; fileRef = 92C2C0EA2CEDF02200E47DC6 /* RoutinerApp.swift */; };
		92C2C0EF2CEDF02400E47DC6 /* Assets.xcassets in Resources */ = {isa = PBXBuildFile; fileRef = 92C2C0EE2CEDF02400E47DC6 /* Assets.xcassets */; };
		92C2C0F22CEDF02400E47DC6 /* Preview Assets.xcassets in Resources */ = {isa = PBXBuildFile; fileRef = 92C2C0F12CEDF02400E47DC6 /* Preview Assets.xcassets */; };
		92C2C0FA2CEDF16B00E47DC6 /* Extensions.swift in Sources */ = {isa = PBXBuildFile; fileRef = 92C2C0F92CEDF16B00E47DC6 /* Extensions.swift */; };
		92C2C0FD2CEDF2C100E47DC6 /* SplashView.swift in Sources */ = {isa = PBXBuildFile; fileRef = 92C2C0FC2CEDF2C100E47DC6 /* SplashView.swift */; };
		92C2C0FF2CEDFA1E00E47DC6 /* CirclesView.swift in Sources */ = {isa = PBXBuildFile; fileRef = 92C2C0FE2CEDFA1E00E47DC6 /* CirclesView.swift */; };
		92C2C1022CEE024A00E47DC6 /* OnboardingView.swift in Sources */ = {isa = PBXBuildFile; fileRef = 92C2C1012CEE024A00E47DC6 /* OnboardingView.swift */; };
/* End PBXBuildFile section */

/* Begin PBXFileReference section */
		923E198C2CEF1808009E3B6B /* HomeView.swift */ = {isa = PBXFileReference; lastKnownFileType = sourcecode.swift; path = HomeView.swift; sourceTree = "<group>"; };
		923E198F2CEF1826009E3B6B /* LoginView.swift */ = {isa = PBXFileReference; lastKnownFileType = sourcecode.swift; path = LoginView.swift; sourceTree = "<group>"; };
		923E19952CEF3944009E3B6B /* RootView.swift */ = {isa = PBXFileReference; lastKnownFileType = sourcecode.swift; path = RootView.swift; sourceTree = "<group>"; };
		92C2C0E72CEDF02200E47DC6 /* Routiner.app */ = {isa = PBXFileReference; explicitFileType = wrapper.application; includeInIndex = 0; path = Routiner.app; sourceTree = BUILT_PRODUCTS_DIR; };
		92C2C0EA2CEDF02200E47DC6 /* RoutinerApp.swift */ = {isa = PBXFileReference; lastKnownFileType = sourcecode.swift; path = RoutinerApp.swift; sourceTree = "<group>"; };
		92C2C0EE2CEDF02400E47DC6 /* Assets.xcassets */ = {isa = PBXFileReference; lastKnownFileType = folder.assetcatalog; path = Assets.xcassets; sourceTree = "<group>"; };
		92C2C0F12CEDF02400E47DC6 /* Preview Assets.xcassets */ = {isa = PBXFileReference; lastKnownFileType = folder.assetcatalog; path = "Preview Assets.xcassets"; sourceTree = "<group>"; };
		92C2C0F92CEDF16B00E47DC6 /* Extensions.swift */ = {isa = PBXFileReference; lastKnownFileType = sourcecode.swift; path = Extensions.swift; sourceTree = "<group>"; };
		92C2C0FC2CEDF2C100E47DC6 /* SplashView.swift */ = {isa = PBXFileReference; lastKnownFileType = sourcecode.swift; path = SplashView.swift; sourceTree = "<group>"; };
		92C2C0FE2CEDFA1E00E47DC6 /* CirclesView.swift */ = {isa = PBXFileReference; lastKnownFileType = sourcecode.swift; path = CirclesView.swift; sourceTree = "<group>"; };
		92C2C1012CEE024A00E47DC6 /* OnboardingView.swift */ = {isa = PBXFileReference; lastKnownFileType = sourcecode.swift; path = OnboardingView.swift; sourceTree = "<group>"; };
/* End PBXFileReference section */

/* Begin PBXFrameworksBuildPhase section */
		92C2C0E42CEDF02200E47DC6 /* Frameworks */ = {
			isa = PBXFrameworksBuildPhase;
			buildActionMask = 2147483647;
			files = (
				923E19932CEF3925009E3B6B /* SwiftfulRouting in Frameworks */,
			);
			runOnlyForDeploymentPostprocessing = 0;
		};
/* End PBXFrameworksBuildPhase section */

/* Begin PBXGroup section */
		923E198B2CEF17FA009E3B6B /* Home */ = {
			isa = PBXGroup;
			children = (
				923E198C2CEF1808009E3B6B /* HomeView.swift */,
			);
			path = Home;
			sourceTree = "<group>";
		};
		923E198E2CEF1812009E3B6B /* Login&Register */ = {
			isa = PBXGroup;
			children = (
				923E198F2CEF1826009E3B6B /* LoginView.swift */,
			);
			path = "Login&Register";
			sourceTree = "<group>";
		};
		923E19942CEF3935009E3B6B /* Root */ = {
			isa = PBXGroup;
			children = (
				923E19952CEF3944009E3B6B /* RootView.swift */,
			);
			path = Root;
			sourceTree = "<group>";
		};
		92C2C0DE2CEDF02200E47DC6 = {
			isa = PBXGroup;
			children = (
				92C2C0E92CEDF02200E47DC6 /* Routiner */,
				92C2C0E82CEDF02200E47DC6 /* Products */,
			);
			sourceTree = "<group>";
		};
		92C2C0E82CEDF02200E47DC6 /* Products */ = {
			isa = PBXGroup;
			children = (
				92C2C0E72CEDF02200E47DC6 /* Routiner.app */,
			);
			name = Products;
			sourceTree = "<group>";
		};
		92C2C0E92CEDF02200E47DC6 /* Routiner */ = {
			isa = PBXGroup;
			children = (
				92C2C0EA2CEDF02200E47DC6 /* RoutinerApp.swift */,
				923E19942CEF3935009E3B6B /* Root */,
				923E198E2CEF1812009E3B6B /* Login&Register */,
				923E198B2CEF17FA009E3B6B /* Home */,
				92C2C1002CEDFBAA00E47DC6 /* Onboarding */,
				92C2C0FB2CEDF2A000E47DC6 /* Splash */,
				92C2C0F82CEDF14500E47DC6 /* Utilities */,
				92C2C0EE2CEDF02400E47DC6 /* Assets.xcassets */,
				92C2C0F02CEDF02400E47DC6 /* Preview Content */,
			);
			path = Routiner;
			sourceTree = "<group>";
		};
		92C2C0F02CEDF02400E47DC6 /* Preview Content */ = {
			isa = PBXGroup;
			children = (
				92C2C0F12CEDF02400E47DC6 /* Preview Assets.xcassets */,
			);
			path = "Preview Content";
			sourceTree = "<group>";
		};
		92C2C0F82CEDF14500E47DC6 /* Utilities */ = {
			isa = PBXGroup;
			children = (
				92C2C0F92CEDF16B00E47DC6 /* Extensions.swift */,
			);
			path = Utilities;
			sourceTree = "<group>";
		};
		92C2C0FB2CEDF2A000E47DC6 /* Splash */ = {
			isa = PBXGroup;
			children = (
				92C2C0FC2CEDF2C100E47DC6 /* SplashView.swift */,
				92C2C0FE2CEDFA1E00E47DC6 /* CirclesView.swift */,
			);
			path = Splash;
			sourceTree = "<group>";
		};
		92C2C1002CEDFBAA00E47DC6 /* Onboarding */ = {
			isa = PBXGroup;
			children = (
				92C2C1012CEE024A00E47DC6 /* OnboardingView.swift */,
			);
			path = Onboarding;
			sourceTree = "<group>";
		};
/* End PBXGroup section */

/* Begin PBXNativeTarget section */
		92C2C0E62CEDF02200E47DC6 /* Routiner */ = {
			isa = PBXNativeTarget;
			buildConfigurationList = 92C2C0F52CEDF02400E47DC6 /* Build configuration list for PBXNativeTarget "Routiner" */;
			buildPhases = (
				92C2C0E32CEDF02200E47DC6 /* Sources */,
				92C2C0E42CEDF02200E47DC6 /* Frameworks */,
				92C2C0E52CEDF02200E47DC6 /* Resources */,
			);
			buildRules = (
			);
			dependencies = (
			);
			name = Routiner;
			packageProductDependencies = (
				923E19922CEF3925009E3B6B /* SwiftfulRouting */,
			);
			productName = Routiner;
			productReference = 92C2C0E72CEDF02200E47DC6 /* Routiner.app */;
			productType = "com.apple.product-type.application";
		};
/* End PBXNativeTarget section */

/* Begin PBXProject section */
		92C2C0DF2CEDF02200E47DC6 /* Project object */ = {
			isa = PBXProject;
			attributes = {
				BuildIndependentTargetsInParallel = 1;
				LastSwiftUpdateCheck = 1420;
				LastUpgradeCheck = 1420;
				TargetAttributes = {
					92C2C0E62CEDF02200E47DC6 = {
						CreatedOnToolsVersion = 14.2;
					};
				};
			};
			buildConfigurationList = 92C2C0E22CEDF02200E47DC6 /* Build configuration list for PBXProject "Routiner" */;
			compatibilityVersion = "Xcode 14.0";
			developmentRegion = en;
			hasScannedForEncodings = 0;
			knownRegions = (
				en,
				Base,
			);
			mainGroup = 92C2C0DE2CEDF02200E47DC6;
			packageReferences = (
				923E19912CEF3925009E3B6B /* XCRemoteSwiftPackageReference "SwiftfulRouting" */,
			);
			productRefGroup = 92C2C0E82CEDF02200E47DC6 /* Products */;
			projectDirPath = "";
			projectRoot = "";
			targets = (
				92C2C0E62CEDF02200E47DC6 /* Routiner */,
			);
		};
/* End PBXProject section */

/* Begin PBXResourcesBuildPhase section */
		92C2C0E52CEDF02200E47DC6 /* Resources */ = {
			isa = PBXResourcesBuildPhase;
			buildActionMask = 2147483647;
			files = (
				92C2C0F22CEDF02400E47DC6 /* Preview Assets.xcassets in Resources */,
				92C2C0EF2CEDF02400E47DC6 /* Assets.xcassets in Resources */,
			);
			runOnlyForDeploymentPostprocessing = 0;
		};
/* End PBXResourcesBuildPhase section */

/* Begin PBXSourcesBuildPhase section */
		92C2C0E32CEDF02200E47DC6 /* Sources */ = {
			isa = PBXSourcesBuildPhase;
			buildActionMask = 2147483647;
			files = (
				923E19962CEF3944009E3B6B /* RootView.swift in Sources */,
				92C2C0FF2CEDFA1E00E47DC6 /* CirclesView.swift in Sources */,
				923E19902CEF1826009E3B6B /* LoginView.swift in Sources */,
				92C2C0FD2CEDF2C100E47DC6 /* SplashView.swift in Sources */,
				92C2C1022CEE024A00E47DC6 /* OnboardingView.swift in Sources */,
				923E198D2CEF1808009E3B6B /* HomeView.swift in Sources */,
				92C2C0FA2CEDF16B00E47DC6 /* Extensions.swift in Sources */,
				92C2C0EB2CEDF02200E47DC6 /* RoutinerApp.swift in Sources */,
			);
			runOnlyForDeploymentPostprocessing = 0;
		};
/* End PBXSourcesBuildPhase section */

/* Begin XCBuildConfiguration section */
		92C2C0F32CEDF02400E47DC6 /* Debug */ = {
			isa = XCBuildConfiguration;
			buildSettings = {
				ALWAYS_SEARCH_USER_PATHS = NO;
				CLANG_ANALYZER_NONNULL = YES;
				CLANG_ANALYZER_NUMBER_OBJECT_CONVERSION = YES_AGGRESSIVE;
				CLANG_CXX_LANGUAGE_STANDARD = "gnu++20";
				CLANG_ENABLE_MODULES = YES;
				CLANG_ENABLE_OBJC_ARC = YES;
				CLANG_ENABLE_OBJC_WEAK = YES;
				CLANG_WARN_BLOCK_CAPTURE_AUTORELEASING = YES;
				CLANG_WARN_BOOL_CONVERSION = YES;
				CLANG_WARN_COMMA = YES;
				CLANG_WARN_CONSTANT_CONVERSION = YES;
				CLANG_WARN_DEPRECATED_OBJC_IMPLEMENTATIONS = YES;
				CLANG_WARN_DIRECT_OBJC_ISA_USAGE = YES_ERROR;
				CLANG_WARN_DOCUMENTATION_COMMENTS = YES;
				CLANG_WARN_EMPTY_BODY = YES;
				CLANG_WARN_ENUM_CONVERSION = YES;
				CLANG_WARN_INFINITE_RECURSION = YES;
				CLANG_WARN_INT_CONVERSION = YES;
				CLANG_WARN_NON_LITERAL_NULL_CONVERSION = YES;
				CLANG_WARN_OBJC_IMPLICIT_RETAIN_SELF = YES;
				CLANG_WARN_OBJC_LITERAL_CONVERSION = YES;
				CLANG_WARN_OBJC_ROOT_CLASS = YES_ERROR;
				CLANG_WARN_QUOTED_INCLUDE_IN_FRAMEWORK_HEADER = YES;
				CLANG_WARN_RANGE_LOOP_ANALYSIS = YES;
				CLANG_WARN_STRICT_PROTOTYPES = YES;
				CLANG_WARN_SUSPICIOUS_MOVE = YES;
				CLANG_WARN_UNGUARDED_AVAILABILITY = YES_AGGRESSIVE;
				CLANG_WARN_UNREACHABLE_CODE = YES;
				CLANG_WARN__DUPLICATE_METHOD_MATCH = YES;
				COPY_PHASE_STRIP = NO;
				DEBUG_INFORMATION_FORMAT = dwarf;
				ENABLE_STRICT_OBJC_MSGSEND = YES;
				ENABLE_TESTABILITY = YES;
				GCC_C_LANGUAGE_STANDARD = gnu11;
				GCC_DYNAMIC_NO_PIC = NO;
				GCC_NO_COMMON_BLOCKS = YES;
				GCC_OPTIMIZATION_LEVEL = 0;
				GCC_PREPROCESSOR_DEFINITIONS = (
					"DEBUG=1",
					"$(inherited)",
				);
				GCC_WARN_64_TO_32_BIT_CONVERSION = YES;
				GCC_WARN_ABOUT_RETURN_TYPE = YES_ERROR;
				GCC_WARN_UNDECLARED_SELECTOR = YES;
				GCC_WARN_UNINITIALIZED_AUTOS = YES_AGGRESSIVE;
				GCC_WARN_UNUSED_FUNCTION = YES;
				GCC_WARN_UNUSED_VARIABLE = YES;
				IPHONEOS_DEPLOYMENT_TARGET = 16.2;
				MTL_ENABLE_DEBUG_INFO = INCLUDE_SOURCE;
				MTL_FAST_MATH = YES;
				ONLY_ACTIVE_ARCH = YES;
				SDKROOT = iphoneos;
				SWIFT_ACTIVE_COMPILATION_CONDITIONS = DEBUG;
				SWIFT_OPTIMIZATION_LEVEL = "-Onone";
			};
			name = Debug;
		};
		92C2C0F42CEDF02400E47DC6 /* Release */ = {
			isa = XCBuildConfiguration;
			buildSettings = {
				ALWAYS_SEARCH_USER_PATHS = NO;
				CLANG_ANALYZER_NONNULL = YES;
				CLANG_ANALYZER_NUMBER_OBJECT_CONVERSION = YES_AGGRESSIVE;
				CLANG_CXX_LANGUAGE_STANDARD = "gnu++20";
				CLANG_ENABLE_MODULES = YES;
				CLANG_ENABLE_OBJC_ARC = YES;
				CLANG_ENABLE_OBJC_WEAK = YES;
				CLANG_WARN_BLOCK_CAPTURE_AUTORELEASING = YES;
				CLANG_WARN_BOOL_CONVERSION = YES;
				CLANG_WARN_COMMA = YES;
				CLANG_WARN_CONSTANT_CONVERSION = YES;
				CLANG_WARN_DEPRECATED_OBJC_IMPLEMENTATIONS = YES;
				CLANG_WARN_DIRECT_OBJC_ISA_USAGE = YES_ERROR;
				CLANG_WARN_DOCUMENTATION_COMMENTS = YES;
				CLANG_WARN_EMPTY_BODY = YES;
				CLANG_WARN_ENUM_CONVERSION = YES;
				CLANG_WARN_INFINITE_RECURSION = YES;
				CLANG_WARN_INT_CONVERSION = YES;
				CLANG_WARN_NON_LITERAL_NULL_CONVERSION = YES;
				CLANG_WARN_OBJC_IMPLICIT_RETAIN_SELF = YES;
				CLANG_WARN_OBJC_LITERAL_CONVERSION = YES;
				CLANG_WARN_OBJC_ROOT_CLASS = YES_ERROR;
				CLANG_WARN_QUOTED_INCLUDE_IN_FRAMEWORK_HEADER = YES;
				CLANG_WARN_RANGE_LOOP_ANALYSIS = YES;
				CLANG_WARN_STRICT_PROTOTYPES = YES;
				CLANG_WARN_SUSPICIOUS_MOVE = YES;
				CLANG_WARN_UNGUARDED_AVAILABILITY = YES_AGGRESSIVE;
				CLANG_WARN_UNREACHABLE_CODE = YES;
				CLANG_WARN__DUPLICATE_METHOD_MATCH = YES;
				COPY_PHASE_STRIP = NO;
				DEBUG_INFORMATION_FORMAT = "dwarf-with-dsym";
				ENABLE_NS_ASSERTIONS = NO;
				ENABLE_STRICT_OBJC_MSGSEND = YES;
				GCC_C_LANGUAGE_STANDARD = gnu11;
				GCC_NO_COMMON_BLOCKS = YES;
				GCC_WARN_64_TO_32_BIT_CONVERSION = YES;
				GCC_WARN_ABOUT_RETURN_TYPE = YES_ERROR;
				GCC_WARN_UNDECLARED_SELECTOR = YES;
				GCC_WARN_UNINITIALIZED_AUTOS = YES_AGGRESSIVE;
				GCC_WARN_UNUSED_FUNCTION = YES;
				GCC_WARN_UNUSED_VARIABLE = YES;
				IPHONEOS_DEPLOYMENT_TARGET = 16.2;
				MTL_ENABLE_DEBUG_INFO = NO;
				MTL_FAST_MATH = YES;
				SDKROOT = iphoneos;
				SWIFT_COMPILATION_MODE = wholemodule;
				SWIFT_OPTIMIZATION_LEVEL = "-O";
				VALIDATE_PRODUCT = YES;
			};
			name = Release;
		};
		92C2C0F62CEDF02400E47DC6 /* Debug */ = {
			isa = XCBuildConfiguration;
			buildSettings = {
				ASSETCATALOG_COMPILER_APPICON_NAME = AppIcon;
				ASSETCATALOG_COMPILER_GLOBAL_ACCENT_COLOR_NAME = AccentColor;
				CODE_SIGN_STYLE = Automatic;
				CURRENT_PROJECT_VERSION = 1;
				DEVELOPMENT_ASSET_PATHS = "\"Routiner/Preview Content\"";
				DEVELOPMENT_TEAM = 72NQPP668A;
				ENABLE_PREVIEWS = YES;
				GENERATE_INFOPLIST_FILE = YES;
				INFOPLIST_KEY_UIApplicationSceneManifest_Generation = YES;
				INFOPLIST_KEY_UIApplicationSupportsIndirectInputEvents = YES;
				INFOPLIST_KEY_UILaunchScreen_Generation = YES;
				INFOPLIST_KEY_UISupportedInterfaceOrientations_iPad = "UIInterfaceOrientationPortrait UIInterfaceOrientationPortraitUpsideDown UIInterfaceOrientationLandscapeLeft UIInterfaceOrientationLandscapeRight";
				INFOPLIST_KEY_UISupportedInterfaceOrientations_iPhone = "UIInterfaceOrientationPortrait UIInterfaceOrientationLandscapeLeft UIInterfaceOrientationLandscapeRight";
				LD_RUNPATH_SEARCH_PATHS = (
					"$(inherited)",
					"@executable_path/Frameworks",
				);
				MARKETING_VERSION = 1.0;
				PRODUCT_BUNDLE_IDENTIFIER = com.YaroslavOrlov.Routiner;
				PRODUCT_NAME = "$(TARGET_NAME)";
				SWIFT_EMIT_LOC_STRINGS = YES;
				SWIFT_VERSION = 5.0;
				TARGETED_DEVICE_FAMILY = "1,2";
			};
			name = Debug;
		};
		92C2C0F72CEDF02400E47DC6 /* Release */ = {
			isa = XCBuildConfiguration;
			buildSettings = {
				ASSETCATALOG_COMPILER_APPICON_NAME = AppIcon;
				ASSETCATALOG_COMPILER_GLOBAL_ACCENT_COLOR_NAME = AccentColor;
				CODE_SIGN_STYLE = Automatic;
				CURRENT_PROJECT_VERSION = 1;
				DEVELOPMENT_ASSET_PATHS = "\"Routiner/Preview Content\"";
				DEVELOPMENT_TEAM = 72NQPP668A;
				ENABLE_PREVIEWS = YES;
				GENERATE_INFOPLIST_FILE = YES;
				INFOPLIST_KEY_UIApplicationSceneManifest_Generation = YES;
				INFOPLIST_KEY_UIApplicationSupportsIndirectInputEvents = YES;
				INFOPLIST_KEY_UILaunchScreen_Generation = YES;
				INFOPLIST_KEY_UISupportedInterfaceOrientations_iPad = "UIInterfaceOrientationPortrait UIInterfaceOrientationPortraitUpsideDown UIInterfaceOrientationLandscapeLeft UIInterfaceOrientationLandscapeRight";
				INFOPLIST_KEY_UISupportedInterfaceOrientations_iPhone = "UIInterfaceOrientationPortrait UIInterfaceOrientationLandscapeLeft UIInterfaceOrientationLandscapeRight";
				LD_RUNPATH_SEARCH_PATHS = (
					"$(inherited)",
					"@executable_path/Frameworks",
				);
				MARKETING_VERSION = 1.0;
				PRODUCT_BUNDLE_IDENTIFIER = com.YaroslavOrlov.Routiner;
				PRODUCT_NAME = "$(TARGET_NAME)";
				SWIFT_EMIT_LOC_STRINGS = YES;
				SWIFT_VERSION = 5.0;
				TARGETED_DEVICE_FAMILY = "1,2";
			};
			name = Release;
		};
/* End XCBuildConfiguration section */

/* Begin XCConfigurationList section */
		92C2C0E22CEDF02200E47DC6 /* Build configuration list for PBXProject "Routiner" */ = {
			isa = XCConfigurationList;
			buildConfigurations = (
				92C2C0F32CEDF02400E47DC6 /* Debug */,
				92C2C0F42CEDF02400E47DC6 /* Release */,
			);
			defaultConfigurationIsVisible = 0;
			defaultConfigurationName = Release;
		};
		92C2C0F52CEDF02400E47DC6 /* Build configuration list for PBXNativeTarget "Routiner" */ = {
			isa = XCConfigurationList;
			buildConfigurations = (
				92C2C0F62CEDF02400E47DC6 /* Debug */,
				92C2C0F72CEDF02400E47DC6 /* Release */,
			);
			defaultConfigurationIsVisible = 0;
			defaultConfigurationName = Release;
		};
/* End XCConfigurationList section */

/* Begin XCRemoteSwiftPackageReference section */
		923E19912CEF3925009E3B6B /* XCRemoteSwiftPackageReference "SwiftfulRouting" */ = {
			isa = XCRemoteSwiftPackageReference;
			repositoryURL = "https://github.com/SwiftfulThinking/SwiftfulRouting.git";
			requirement = {
				kind = upToNextMajorVersion;
				minimumVersion = 5.0.0;
			};
		};
/* End XCRemoteSwiftPackageReference section */

/* Begin XCSwiftPackageProductDependency section */
		923E19922CEF3925009E3B6B /* SwiftfulRouting */ = {
			isa = XCSwiftPackageProductDependency;
			package = 923E19912CEF3925009E3B6B /* XCRemoteSwiftPackageReference "SwiftfulRouting" */;
			productName = SwiftfulRouting;
		};
/* End XCSwiftPackageProductDependency section */
	};
	rootObject = 92C2C0DF2CEDF02200E47DC6 /* Project object */;
}
